
Microsoft Visual Studio Solution File, Format Version 12.00
# Visual Studio Version 17
VisualStudioVersion = 17.1.32127.271
MinimumVisualStudioVersion = 10.0.40219.1
Project("{2150E333-8FDC-42A3-9474-1A3956D46DE8}") = "App", "App", "{2F2C0215-6405-4076-9630-F9CEC8AD80E2}"
EndProject
Project("{2150E333-8FDC-42A3-9474-1A3956D46DE8}") = "BusinessLogic", "BusinessLogic", "{BC180B40-C9C5-4790-85F2-0E88ED99D1D4}"
EndProject
Project("{2150E333-8FDC-42A3-9474-1A3956D46DE8}") = "Data", "Data", "{7C578772-B15C-4CFE-B786-B468BCF19109}"
EndProject
Project("{2150E333-8FDC-42A3-9474-1A3956D46DE8}") = "Common", "Common", "{FE24C827-6E42-4A3C-BD72-1E105C676CF6}"
EndProject
Project("{9A19103F-16F7-4668-BE54-9A1E7A4F7556}") = "SureCar.Common", "Common\SureCar.Common\SureCar.Common.csproj", "{E280DF6E-0B22-4E3F-9515-8E32B95FDE2B}"
EndProject
Project("{9A19103F-16F7-4668-BE54-9A1E7A4F7556}") = "SureCar.Services", "BusinessLogic\SureCar.Domain.Services\SureCar.Services.csproj", "{56E3D5BD-6996-4525-AC49-7D3835B58F97}"
EndProject
Project("{9A19103F-16F7-4668-BE54-9A1E7A4F7556}") = "SureCar.Entities", "Data\SureCar.Entities\SureCar.Entities.csproj", "{F5F693EC-92B4-49D4-8321-3609D889FEB8}"
EndProject
Project("{9A19103F-16F7-4668-BE54-9A1E7A4F7556}") = "SureCar.Repositories", "Data\SureCar.Repository\SureCar.Repositories.csproj", "{C68C71F7-ADB2-4FB9-B98A-4A28140DAAEB}"
EndProject
Project("{2150E333-8FDC-42A3-9474-1A3956D46DE8}") = "Tests", "Tests", "{07DB2E8D-74AD-4A7B-9891-1975C4BCB229}"
EndProject
Project("{9A19103F-16F7-4668-BE54-9A1E7A4F7556}") = "SureCar.Tests", "Tests\SureCar.Tests\SureCar.Tests.csproj", "{25CB10B5-4E55-4105-AFE9-0D09B7D42B85}"
EndProject
Project("{9A19103F-16F7-4668-BE54-9A1E7A4F7556}") = "SureCar.API", "App\SureCar.API\SureCar.API.csproj", "{F7259698-60B6-4FAD-A2F5-B5AA1B04931B}"
EndProject
Project("{9A19103F-16F7-4668-BE54-9A1E7A4F7556}") = "SureCar.DataManagers", "Data\SureCar.DataManager\SureCar.DataManagers.csproj", "{3EFFB552-8436-4294-87DF-4C53283AB481}"
EndProject
Global
	GlobalSection(SolutionConfigurationPlatforms) = preSolution
		Debug|Any CPU = Debug|Any CPU
		Release|Any CPU = Release|Any CPU
	EndGlobalSection
	GlobalSection(ProjectConfigurationPlatforms) = postSolution
		{E280DF6E-0B22-4E3F-9515-8E32B95FDE2B}.Debug|Any CPU.ActiveCfg = Debug|Any CPU
		{E280DF6E-0B22-4E3F-9515-8E32B95FDE2B}.Debug|Any CPU.Build.0 = Debug|Any CPU
		{E280DF6E-0B22-4E3F-9515-8E32B95FDE2B}.Release|Any CPU.ActiveCfg = Release|Any CPU
		{E280DF6E-0B22-4E3F-9515-8E32B95FDE2B}.Release|Any CPU.Build.0 = Release|Any CPU
		{56E3D5BD-6996-4525-AC49-7D3835B58F97}.Debug|Any CPU.ActiveCfg = Debug|Any CPU
		{56E3D5BD-6996-4525-AC49-7D3835B58F97}.Debug|Any CPU.Build.0 = Debug|Any CPU
		{56E3D5BD-6996-4525-AC49-7D3835B58F97}.Release|Any CPU.ActiveCfg = Release|Any CPU
		{56E3D5BD-6996-4525-AC49-7D3835B58F97}.Release|Any CPU.Build.0 = Release|Any CPU
		{F5F693EC-92B4-49D4-8321-3609D889FEB8}.Debug|Any CPU.ActiveCfg = Debug|Any CPU
		{F5F693EC-92B4-49D4-8321-3609D889FEB8}.Debug|Any CPU.Build.0 = Debug|Any CPU
		{F5F693EC-92B4-49D4-8321-3609D889FEB8}.Release|Any CPU.ActiveCfg = Release|Any CPU
		{F5F693EC-92B4-49D4-8321-3609D889FEB8}.Release|Any CPU.Build.0 = Release|Any CPU
		{C68C71F7-ADB2-4FB9-B98A-4A28140DAAEB}.Debug|Any CPU.ActiveCfg = Debug|Any CPU
		{C68C71F7-ADB2-4FB9-B98A-4A28140DAAEB}.Debug|Any CPU.Build.0 = Debug|Any CPU
		{C68C71F7-ADB2-4FB9-B98A-4A28140DAAEB}.Release|Any CPU.ActiveCfg = Release|Any CPU
		{C68C71F7-ADB2-4FB9-B98A-4A28140DAAEB}.Release|Any CPU.Build.0 = Release|Any CPU
		{25CB10B5-4E55-4105-AFE9-0D09B7D42B85}.Debug|Any CPU.ActiveCfg = Debug|Any CPU
		{25CB10B5-4E55-4105-AFE9-0D09B7D42B85}.Debug|Any CPU.Build.0 = Debug|Any CPU
		{25CB10B5-4E55-4105-AFE9-0D09B7D42B85}.Release|Any CPU.ActiveCfg = Release|Any CPU
		{25CB10B5-4E55-4105-AFE9-0D09B7D42B85}.Release|Any CPU.Build.0 = Release|Any CPU
		{F7259698-60B6-4FAD-A2F5-B5AA1B04931B}.Debug|Any CPU.ActiveCfg = Debug|Any CPU
		{F7259698-60B6-4FAD-A2F5-B5AA1B04931B}.Debug|Any CPU.Build.0 = Debug|Any CPU
		{F7259698-60B6-4FAD-A2F5-B5AA1B04931B}.Release|Any CPU.ActiveCfg = Release|Any CPU
		{F7259698-60B6-4FAD-A2F5-B5AA1B04931B}.Release|Any CPU.Build.0 = Release|Any CPU
		{3EFFB552-8436-4294-87DF-4C53283AB481}.Debug|Any CPU.ActiveCfg = Debug|Any CPU
		{3EFFB552-8436-4294-87DF-4C53283AB481}.Debug|Any CPU.Build.0 = Debug|Any CPU
		{3EFFB552-8436-4294-87DF-4C53283AB481}.Release|Any CPU.ActiveCfg = Release|Any CPU
		{3EFFB552-8436-4294-87DF-4C53283AB481}.Release|Any CPU.Build.0 = Release|Any CPU
	EndGlobalSection
	GlobalSection(SolutionProperties) = preSolution
		HideSolutionNode = FALSE
	EndGlobalSection
	GlobalSection(NestedProjects) = preSolution
		{E280DF6E-0B22-4E3F-9515-8E32B95FDE2B} = {FE24C827-6E42-4A3C-BD72-1E105C676CF6}
		{56E3D5BD-6996-4525-AC49-7D3835B58F97} = {BC180B40-C9C5-4790-85F2-0E88ED99D1D4}
		{F5F693EC-92B4-49D4-8321-3609D889FEB8} = {7C578772-B15C-4CFE-B786-B468BCF19109}
		{C68C71F7-ADB2-4FB9-B98A-4A28140DAAEB} = {7C578772-B15C-4CFE-B786-B468BCF19109}
		{25CB10B5-4E55-4105-AFE9-0D09B7D42B85} = {07DB2E8D-74AD-4A7B-9891-1975C4BCB229}
		{F7259698-60B6-4FAD-A2F5-B5AA1B04931B} = {2F2C0215-6405-4076-9630-F9CEC8AD80E2}
		{3EFFB552-8436-4294-87DF-4C53283AB481} = {7C578772-B15C-4CFE-B786-B468BCF19109}
	EndGlobalSection
	GlobalSection(ExtensibilityGlobals) = postSolution
		SolutionGuid = {1AB98AE7-BA57-48C3-9655-EC920161A20A}
	EndGlobalSection
EndGlobal
